
Microsoft Visual Studio Solution File, Format Version 12.00
# Visual Studio Version 16
VisualStudioVersion = 16.0.29411.108
MinimumVisualStudioVersion = 10.0.40219.1
Project("{2150E333-8FDC-42A3-9474-1A3956D46DE8}") = "src", "src", "{C2594576-2110-4B9F-B823-265C5BFD7BEE}"
EndProject
Project("{2150E333-8FDC-42A3-9474-1A3956D46DE8}") = "BuildingBlocks", "BuildingBlocks", "{8D3AE342-43D3-4DBC-BF9C-7CB906F7CBED}"
EndProject
Project("{2150E333-8FDC-42A3-9474-1A3956D46DE8}") = "Modules", "Modules", "{B462E3F9-BEA2-4130-B222-C3ECA5548745}"
EndProject
Project("{2150E333-8FDC-42A3-9474-1A3956D46DE8}") = "UserAccess", "UserAccess", "{9A4E6EFD-1685-47D2-8390-2E176713C8E3}"
EndProject
Project("{2150E333-8FDC-42A3-9474-1A3956D46DE8}") = "API", "API", "{D2129AFD-8990-42D8-8A20-9D6DD8B3DF44}"
EndProject
Project("{2150E333-8FDC-42A3-9474-1A3956D46DE8}") = "Authentication", "Authentication", "{D7941EA0-5A1C-4FA5-B321-90F38CEC2476}"
EndProject
Project("{9A19103F-16F7-4668-BE54-9A1E7A4F7556}") = "IdentityServer", "src\Authentication\IdentityServer\IdentityServer.csproj", "{3DF0D186-AD8E-4175-880F-3BDB75B637CE}"
EndProject
Project("{9A19103F-16F7-4668-BE54-9A1E7A4F7556}") = "IGRMgr.API", "src\API\IGRMgr.API\IGRMgr.API.csproj", "{B6346BC7-5A06-47BC-92F0-139F48C3F131}"
EndProject
Project("{9A19103F-16F7-4668-BE54-9A1E7A4F7556}") = "Nubalance.BuildingBlocks.Application", "src\BuildingBlocks\Nubalance.BuildingBlocks.Application\Nubalance.BuildingBlocks.Application.csproj", "{F1C75AF8-0A7E-4F37-9E7B-0777B6DA5EEF}"
EndProject
Project("{9A19103F-16F7-4668-BE54-9A1E7A4F7556}") = "Nubalance.BuildingBlocks.Domain", "src\BuildingBlocks\Nubalance.BuildingBlocks.Domain\Nubalance.BuildingBlocks.Domain.csproj", "{36F0BF5E-EAF9-473F-8F66-722486981552}"
EndProject
Project("{9A19103F-16F7-4668-BE54-9A1E7A4F7556}") = "Nubalance.BuildingBlocks.EventBus", "src\BuildingBlocks\Nubalance.BuildingBlocks.EventBus\Nubalance.BuildingBlocks.EventBus.csproj", "{6630ECF2-8DF1-43BD-AA3F-4020BB7B8543}"
EndProject
Project("{9A19103F-16F7-4668-BE54-9A1E7A4F7556}") = "Nubalance.BuildingBlocks.Infrastructure", "src\BuildingBlocks\Nubalance.BuildingBlocks.Infrastructure\Nubalance.BuildingBlocks.Infrastructure.csproj", "{798BB13A-84AF-4C46-B0D5-F4CC22889199}"
EndProject
Project("{9A19103F-16F7-4668-BE54-9A1E7A4F7556}") = "IGRMgr.Modules.UserAccess.Application", "src\Modules\IGRMgr.Modules.UserAccess.Application\IGRMgr.Modules.UserAccess.Application.csproj", "{C3373312-2608-4805-8855-106272C70F73}"
EndProject
Project("{9A19103F-16F7-4668-BE54-9A1E7A4F7556}") = "IGRMgr.Modules.UserAccess.Domain", "src\Modules\IGRMgr.Modules.UserAccess.Domain\IGRMgr.Modules.UserAccess.Domain.csproj", "{54A1AC63-DAE1-4A3C-9981-DB72F4988394}"
EndProject
Project("{9A19103F-16F7-4668-BE54-9A1E7A4F7556}") = "IGRMgr.Modules.UserAccess.Infrastructure", "src\Modules\IGRMgr.Modules.UserAccess.Infrastructure\IGRMgr.Modules.UserAccess.Infrastructure.csproj", "{9E13E3F0-5522-44C6-90E9-63625B70B9C8}"
EndProject
Project("{9A19103F-16F7-4668-BE54-9A1E7A4F7556}") = "IGRMgr.Modules.UserAccess.IntegrationEvents", "src\Modules\IGRMgr.Modules.UserAccess.IntegrationEvent\IGRMgr.Modules.UserAccess.IntegrationEvents.csproj", "{E2F469DE-268D-45B6-818C-4523C1D50DD9}"
EndProject
Project("{2150E333-8FDC-42A3-9474-1A3956D46DE8}") = "Database", "Database", "{FFA63A2F-0378-4EEC-B718-53E2C0DB9DEC}"
EndProject
Project("{9A19103F-16F7-4668-BE54-9A1E7A4F7556}") = "IGRMgr.DatabaseMigrator", "src\Database\IGRMgr.DatabaseMigrator\IGRMgr.DatabaseMigrator.csproj", "{33DC4CC5-17D6-4E9C-A056-5D0D8477AAAD}"
EndProject
Project("{2150E333-8FDC-42A3-9474-1A3956D46DE8}") = "Administration", "Administration", "{5FE79718-2E0D-47D9-92BB-ADD2C2AF73B3}"
EndProject
Project("{9A19103F-16F7-4668-BE54-9A1E7A4F7556}") = "IGRMgr.Modules.Administration.Domain", "src\Modules\IGRMgr.Modules.Administration.Domain\IGRMgr.Modules.Administration.Domain.csproj", "{BDFF012B-BF2E-4C73-872D-DC1819EC9214}"
EndProject
Project("{9A19103F-16F7-4668-BE54-9A1E7A4F7556}") = "IGRMgr.Modules.Administration.Infrastructure", "src\Modules\IGRMgr.Modules.Administration.Infrastructure\IGRMgr.Modules.Administration.Infrastructure.csproj", "{5126E32D-F164-487C-B5E2-F927BF2F53FD}"
EndProject
Project("{9A19103F-16F7-4668-BE54-9A1E7A4F7556}") = "IGRMgr.Modules.Administration.Application", "src\Modules\IGRMgr.Modules.Administration.Application\IGRMgr.Modules.Administration.Application.csproj", "{CDA597AD-8C2F-44A2-AD84-418D56F0DA3A}"
EndProject
Project("{9A19103F-16F7-4668-BE54-9A1E7A4F7556}") = "IGRMgr.Modules.Administration.IntegrationEvents", "src\Modules\IGRMgr.Modules.Administration.IntegrationEvents\IGRMgr.Modules.Administration.IntegrationEvents.csproj", "{845A6990-5891-446F-8008-E5EC391A0283}"
EndProject
Project("{2150E333-8FDC-42A3-9474-1A3956D46DE8}") = "Frontend", "Frontend", "{9C75A30D-E206-4077-8811-998CE0387884}"
EndProject
Project("{9A19103F-16F7-4668-BE54-9A1E7A4F7556}") = "IGRMgr.Frontend", "src\Frontend\IGRMgr.Frontend\IGRMgr.Frontend.csproj", "{F5632A1D-C9C2-4270-B1B7-2439BFE605C5}"
EndProject
Project("{FAE04EC0-301F-11D3-BF4B-00C04F79EFBC}") = "Nubalance.BuildingBlocks.HttpClientFactory", "src\BuildingBlocks\Nubalance.BuildingBlocks.HttpClientFactory\Nubalance.BuildingBlocks.HttpClientFactory.csproj", "{46BE2605-BA92-41CE-917D-7B36A05655FB}"
EndProject
Global
	GlobalSection(SolutionConfigurationPlatforms) = preSolution
		Debug|Any CPU = Debug|Any CPU
		Release|Any CPU = Release|Any CPU
	EndGlobalSection
	GlobalSection(ProjectConfigurationPlatforms) = postSolution
		{3DF0D186-AD8E-4175-880F-3BDB75B637CE}.Debug|Any CPU.ActiveCfg = Debug|Any CPU
		{3DF0D186-AD8E-4175-880F-3BDB75B637CE}.Debug|Any CPU.Build.0 = Debug|Any CPU
		{3DF0D186-AD8E-4175-880F-3BDB75B637CE}.Release|Any CPU.ActiveCfg = Release|Any CPU
		{3DF0D186-AD8E-4175-880F-3BDB75B637CE}.Release|Any CPU.Build.0 = Release|Any CPU
		{B6346BC7-5A06-47BC-92F0-139F48C3F131}.Debug|Any CPU.ActiveCfg = Debug|Any CPU
		{B6346BC7-5A06-47BC-92F0-139F48C3F131}.Debug|Any CPU.Build.0 = Debug|Any CPU
		{B6346BC7-5A06-47BC-92F0-139F48C3F131}.Release|Any CPU.ActiveCfg = Release|Any CPU
		{B6346BC7-5A06-47BC-92F0-139F48C3F131}.Release|Any CPU.Build.0 = Release|Any CPU
		{F1C75AF8-0A7E-4F37-9E7B-0777B6DA5EEF}.Debug|Any CPU.ActiveCfg = Debug|Any CPU
		{F1C75AF8-0A7E-4F37-9E7B-0777B6DA5EEF}.Debug|Any CPU.Build.0 = Debug|Any CPU
		{F1C75AF8-0A7E-4F37-9E7B-0777B6DA5EEF}.Release|Any CPU.ActiveCfg = Release|Any CPU
		{F1C75AF8-0A7E-4F37-9E7B-0777B6DA5EEF}.Release|Any CPU.Build.0 = Release|Any CPU
		{36F0BF5E-EAF9-473F-8F66-722486981552}.Debug|Any CPU.ActiveCfg = Debug|Any CPU
		{36F0BF5E-EAF9-473F-8F66-722486981552}.Debug|Any CPU.Build.0 = Debug|Any CPU
		{36F0BF5E-EAF9-473F-8F66-722486981552}.Release|Any CPU.ActiveCfg = Release|Any CPU
		{36F0BF5E-EAF9-473F-8F66-722486981552}.Release|Any CPU.Build.0 = Release|Any CPU
		{6630ECF2-8DF1-43BD-AA3F-4020BB7B8543}.Debug|Any CPU.ActiveCfg = Debug|Any CPU
		{6630ECF2-8DF1-43BD-AA3F-4020BB7B8543}.Debug|Any CPU.Build.0 = Debug|Any CPU
		{6630ECF2-8DF1-43BD-AA3F-4020BB7B8543}.Release|Any CPU.ActiveCfg = Release|Any CPU
		{6630ECF2-8DF1-43BD-AA3F-4020BB7B8543}.Release|Any CPU.Build.0 = Release|Any CPU
		{798BB13A-84AF-4C46-B0D5-F4CC22889199}.Debug|Any CPU.ActiveCfg = Debug|Any CPU
		{798BB13A-84AF-4C46-B0D5-F4CC22889199}.Debug|Any CPU.Build.0 = Debug|Any CPU
		{798BB13A-84AF-4C46-B0D5-F4CC22889199}.Release|Any CPU.ActiveCfg = Release|Any CPU
		{798BB13A-84AF-4C46-B0D5-F4CC22889199}.Release|Any CPU.Build.0 = Release|Any CPU
		{C3373312-2608-4805-8855-106272C70F73}.Debug|Any CPU.ActiveCfg = Debug|Any CPU
		{C3373312-2608-4805-8855-106272C70F73}.Debug|Any CPU.Build.0 = Debug|Any CPU
		{C3373312-2608-4805-8855-106272C70F73}.Release|Any CPU.ActiveCfg = Release|Any CPU
		{C3373312-2608-4805-8855-106272C70F73}.Release|Any CPU.Build.0 = Release|Any CPU
		{54A1AC63-DAE1-4A3C-9981-DB72F4988394}.Debug|Any CPU.ActiveCfg = Debug|Any CPU
		{54A1AC63-DAE1-4A3C-9981-DB72F4988394}.Debug|Any CPU.Build.0 = Debug|Any CPU
		{54A1AC63-DAE1-4A3C-9981-DB72F4988394}.Release|Any CPU.ActiveCfg = Release|Any CPU
		{54A1AC63-DAE1-4A3C-9981-DB72F4988394}.Release|Any CPU.Build.0 = Release|Any CPU
		{9E13E3F0-5522-44C6-90E9-63625B70B9C8}.Debug|Any CPU.ActiveCfg = Debug|Any CPU
		{9E13E3F0-5522-44C6-90E9-63625B70B9C8}.Debug|Any CPU.Build.0 = Debug|Any CPU
		{9E13E3F0-5522-44C6-90E9-63625B70B9C8}.Release|Any CPU.ActiveCfg = Release|Any CPU
		{9E13E3F0-5522-44C6-90E9-63625B70B9C8}.Release|Any CPU.Build.0 = Release|Any CPU
		{E2F469DE-268D-45B6-818C-4523C1D50DD9}.Debug|Any CPU.ActiveCfg = Debug|Any CPU
		{E2F469DE-268D-45B6-818C-4523C1D50DD9}.Debug|Any CPU.Build.0 = Debug|Any CPU
		{E2F469DE-268D-45B6-818C-4523C1D50DD9}.Release|Any CPU.ActiveCfg = Release|Any CPU
		{E2F469DE-268D-45B6-818C-4523C1D50DD9}.Release|Any CPU.Build.0 = Release|Any CPU
		{33DC4CC5-17D6-4E9C-A056-5D0D8477AAAD}.Debug|Any CPU.ActiveCfg = Debug|Any CPU
		{33DC4CC5-17D6-4E9C-A056-5D0D8477AAAD}.Debug|Any CPU.Build.0 = Debug|Any CPU
		{33DC4CC5-17D6-4E9C-A056-5D0D8477AAAD}.Release|Any CPU.ActiveCfg = Release|Any CPU
		{33DC4CC5-17D6-4E9C-A056-5D0D8477AAAD}.Release|Any CPU.Build.0 = Release|Any CPU
		{BDFF012B-BF2E-4C73-872D-DC1819EC9214}.Debug|Any CPU.ActiveCfg = Debug|Any CPU
		{BDFF012B-BF2E-4C73-872D-DC1819EC9214}.Debug|Any CPU.Build.0 = Debug|Any CPU
		{BDFF012B-BF2E-4C73-872D-DC1819EC9214}.Release|Any CPU.ActiveCfg = Release|Any CPU
		{BDFF012B-BF2E-4C73-872D-DC1819EC9214}.Release|Any CPU.Build.0 = Release|Any CPU
		{5126E32D-F164-487C-B5E2-F927BF2F53FD}.Debug|Any CPU.ActiveCfg = Debug|Any CPU
		{5126E32D-F164-487C-B5E2-F927BF2F53FD}.Debug|Any CPU.Build.0 = Debug|Any CPU
		{5126E32D-F164-487C-B5E2-F927BF2F53FD}.Release|Any CPU.ActiveCfg = Release|Any CPU
		{5126E32D-F164-487C-B5E2-F927BF2F53FD}.Release|Any CPU.Build.0 = Release|Any CPU
		{CDA597AD-8C2F-44A2-AD84-418D56F0DA3A}.Debug|Any CPU.ActiveCfg = Debug|Any CPU
		{CDA597AD-8C2F-44A2-AD84-418D56F0DA3A}.Debug|Any CPU.Build.0 = Debug|Any CPU
		{CDA597AD-8C2F-44A2-AD84-418D56F0DA3A}.Release|Any CPU.ActiveCfg = Release|Any CPU
		{CDA597AD-8C2F-44A2-AD84-418D56F0DA3A}.Release|Any CPU.Build.0 = Release|Any CPU
		{845A6990-5891-446F-8008-E5EC391A0283}.Debug|Any CPU.ActiveCfg = Debug|Any CPU
		{845A6990-5891-446F-8008-E5EC391A0283}.Debug|Any CPU.Build.0 = Debug|Any CPU
		{845A6990-5891-446F-8008-E5EC391A0283}.Release|Any CPU.ActiveCfg = Release|Any CPU
		{845A6990-5891-446F-8008-E5EC391A0283}.Release|Any CPU.Build.0 = Release|Any CPU
		{F5632A1D-C9C2-4270-B1B7-2439BFE605C5}.Debug|Any CPU.ActiveCfg = Debug|Any CPU
		{F5632A1D-C9C2-4270-B1B7-2439BFE605C5}.Debug|Any CPU.Build.0 = Debug|Any CPU
		{F5632A1D-C9C2-4270-B1B7-2439BFE605C5}.Release|Any CPU.ActiveCfg = Release|Any CPU
		{F5632A1D-C9C2-4270-B1B7-2439BFE605C5}.Release|Any CPU.Build.0 = Release|Any CPU
		{46BE2605-BA92-41CE-917D-7B36A05655FB}.Debug|Any CPU.ActiveCfg = Debug|Any CPU
		{46BE2605-BA92-41CE-917D-7B36A05655FB}.Debug|Any CPU.Build.0 = Debug|Any CPU
		{46BE2605-BA92-41CE-917D-7B36A05655FB}.Release|Any CPU.ActiveCfg = Release|Any CPU
		{46BE2605-BA92-41CE-917D-7B36A05655FB}.Release|Any CPU.Build.0 = Release|Any CPU
	EndGlobalSection
	GlobalSection(SolutionProperties) = preSolution
		HideSolutionNode = FALSE
	EndGlobalSection
	GlobalSection(NestedProjects) = preSolution
		{8D3AE342-43D3-4DBC-BF9C-7CB906F7CBED} = {C2594576-2110-4B9F-B823-265C5BFD7BEE}
		{B462E3F9-BEA2-4130-B222-C3ECA5548745} = {C2594576-2110-4B9F-B823-265C5BFD7BEE}
		{9A4E6EFD-1685-47D2-8390-2E176713C8E3} = {B462E3F9-BEA2-4130-B222-C3ECA5548745}
		{D2129AFD-8990-42D8-8A20-9D6DD8B3DF44} = {C2594576-2110-4B9F-B823-265C5BFD7BEE}
		{D7941EA0-5A1C-4FA5-B321-90F38CEC2476} = {C2594576-2110-4B9F-B823-265C5BFD7BEE}
		{3DF0D186-AD8E-4175-880F-3BDB75B637CE} = {D7941EA0-5A1C-4FA5-B321-90F38CEC2476}
		{B6346BC7-5A06-47BC-92F0-139F48C3F131} = {D2129AFD-8990-42D8-8A20-9D6DD8B3DF44}
		{F1C75AF8-0A7E-4F37-9E7B-0777B6DA5EEF} = {8D3AE342-43D3-4DBC-BF9C-7CB906F7CBED}
		{36F0BF5E-EAF9-473F-8F66-722486981552} = {8D3AE342-43D3-4DBC-BF9C-7CB906F7CBED}
		{6630ECF2-8DF1-43BD-AA3F-4020BB7B8543} = {8D3AE342-43D3-4DBC-BF9C-7CB906F7CBED}
		{798BB13A-84AF-4C46-B0D5-F4CC22889199} = {8D3AE342-43D3-4DBC-BF9C-7CB906F7CBED}
		{C3373312-2608-4805-8855-106272C70F73} = {9A4E6EFD-1685-47D2-8390-2E176713C8E3}
		{54A1AC63-DAE1-4A3C-9981-DB72F4988394} = {9A4E6EFD-1685-47D2-8390-2E176713C8E3}
		{9E13E3F0-5522-44C6-90E9-63625B70B9C8} = {9A4E6EFD-1685-47D2-8390-2E176713C8E3}
		{E2F469DE-268D-45B6-818C-4523C1D50DD9} = {9A4E6EFD-1685-47D2-8390-2E176713C8E3}
		{FFA63A2F-0378-4EEC-B718-53E2C0DB9DEC} = {C2594576-2110-4B9F-B823-265C5BFD7BEE}
		{33DC4CC5-17D6-4E9C-A056-5D0D8477AAAD} = {FFA63A2F-0378-4EEC-B718-53E2C0DB9DEC}
		{5FE79718-2E0D-47D9-92BB-ADD2C2AF73B3} = {B462E3F9-BEA2-4130-B222-C3ECA5548745}
		{BDFF012B-BF2E-4C73-872D-DC1819EC9214} = {5FE79718-2E0D-47D9-92BB-ADD2C2AF73B3}
		{5126E32D-F164-487C-B5E2-F927BF2F53FD} = {5FE79718-2E0D-47D9-92BB-ADD2C2AF73B3}
		{CDA597AD-8C2F-44A2-AD84-418D56F0DA3A} = {5FE79718-2E0D-47D9-92BB-ADD2C2AF73B3}
		{845A6990-5891-446F-8008-E5EC391A0283} = {5FE79718-2E0D-47D9-92BB-ADD2C2AF73B3}
		{9C75A30D-E206-4077-8811-998CE0387884} = {C2594576-2110-4B9F-B823-265C5BFD7BEE}
		{F5632A1D-C9C2-4270-B1B7-2439BFE605C5} = {9C75A30D-E206-4077-8811-998CE0387884}
		{46BE2605-BA92-41CE-917D-7B36A05655FB} = {8D3AE342-43D3-4DBC-BF9C-7CB906F7CBED}
	EndGlobalSection
	GlobalSection(ExtensibilityGlobals) = postSolution
		SolutionGuid = {2349A390-E57B-4F97-A0F2-5556D7E3B7F5}
	EndGlobalSection
EndGlobal
